
Microsoft Visual Studio Solution File, Format Version 12.00
# Visual Studio Version 17
VisualStudioVersion = 17.7.34024.191
MinimumVisualStudioVersion = 10.0.40219.1
Project("{FAE04EC0-301F-11D3-BF4B-00C04F79EFBC}") = "WebApi", "WebApi\WebApi.csproj", "{BB22FE5C-B611-4A52-9E25-C20C21BA9250}"
EndProject
Global
	GlobalSection(SolutionConfigurationPlatforms) = preSolution
		Debug|Any CPU = Debug|Any CPU
		Release|Any CPU = Release|Any CPU
	EndGlobalSection
	GlobalSection(ProjectConfigurationPlatforms) = postSolution
		{BB22FE5C-B611-4A52-9E25-C20C21BA9250}.Debug|Any CPU.ActiveCfg = Debug|Any CPU
		{BB22FE5C-B611-4A52-9E25-C20C21BA9250}.Debug|Any CPU.Build.0 = Debug|Any CPU
		{BB22FE5C-B611-4A52-9E25-C20C21BA9250}.Release|Any CPU.ActiveCfg = Release|Any CPU
		{BB22FE5C-B611-4A52-9E25-C20C21BA9250}.Release|Any CPU.Build.0 = Release|Any CPU
	EndGlobalSection
	GlobalSection(SolutionProperties) = preSolution
		HideSolutionNode = FALSE
	EndGlobalSection
	GlobalSection(ExtensibilityGlobals) = postSolution
		SolutionGuid = {7F29C197-A1F0-49EE-A7D3-1ABB35A65741}
	EndGlobalSection
EndGlobal
